
Microsoft Visual Studio Solution File, Format Version 12.00
# Visual Studio Version 17
VisualStudioVersion = 17.0.32014.148
MinimumVisualStudioVersion = 10.0.40219.1
Project("{2150E333-8FDC-42A3-9474-1A3956D46DE8}") = "Contracts", "Contracts", "{7661C1E1-362E-412B-9AF1-618D5514E98D}"
EndProject
Project("{2150E333-8FDC-42A3-9474-1A3956D46DE8}") = "Data", "Data", "{DC962612-D8F0-48B2-88EA-7333C12FEECD}"
EndProject
Project("{2150E333-8FDC-42A3-9474-1A3956D46DE8}") = "Domain", "Domain", "{CCC5032B-9AB9-4371-B9B1-15D3C0553B24}"
EndProject
Project("{2150E333-8FDC-42A3-9474-1A3956D46DE8}") = "Infrastructure", "Infrastructure", "{79B532FF-32D6-44E4-A7B7-701C65422EED}"
EndProject
Project("{2150E333-8FDC-42A3-9474-1A3956D46DE8}") = "Server", "Server", "{DB2E4566-01CE-4254-AB68-A983BE426B6D}"
EndProject
Project("{2150E333-8FDC-42A3-9474-1A3956D46DE8}") = "Services", "Services", "{631C5265-44EF-410F-A761-984696671EBE}"
EndProject
Project("{2150E333-8FDC-42A3-9474-1A3956D46DE8}") = "Tests", "Tests", "{D3B4FE95-6C35-489A-A044-CEDDEB04C19C}"
EndProject
Project("{FAE04EC0-301F-11D3-BF4B-00C04F79EFBC}") = "SingleApi.WebApi", "SingleApi.WebApi\SingleApi.WebApi.csproj", "{D1B1B3B9-0E32-44D3-8823-CCBB1A1BDA6B}"
EndProject
Project("{FAE04EC0-301F-11D3-BF4B-00C04F79EFBC}") = "SingleApi.Data.Contracts", "SingleApi.Data.Contracts\SingleApi.Data.Contracts.csproj", "{96AC4E58-E06A-4E17-807A-D468875CB072}"
EndProject
Project("{FAE04EC0-301F-11D3-BF4B-00C04F79EFBC}") = "SingleApi.Domain.Contracts", "SingleApi.Domain.Contracts\SingleApi.Domain.Contracts.csproj", "{C7531FB4-3D37-404A-83F3-6411467A6C58}"
EndProject
Project("{FAE04EC0-301F-11D3-BF4B-00C04F79EFBC}") = "SingleApi.Query.Contracts", "SingleApi.Query.Contracts\SingleApi.Query.Contracts.csproj", "{956C9D9B-18A3-4349-8A2C-2CAE1A1BF98A}"
EndProject
Project("{FAE04EC0-301F-11D3-BF4B-00C04F79EFBC}") = "SingleApi.Svc.Contracts", "SingleApi.Svc.Contracts\SingleApi.Svc.Contracts.csproj", "{4642FE93-CA37-4A85-A4E0-4F636EA4DC18}"
EndProject
Project("{FAE04EC0-301F-11D3-BF4B-00C04F79EFBC}") = "SingleApi.Data", "SingleApi.Data\SingleApi.Data.csproj", "{D1159932-BC8A-4E4D-AF52-41C2DD352F47}"
EndProject
Project("{FAE04EC0-301F-11D3-BF4B-00C04F79EFBC}") = "SingleApi.Domain", "SingleApi.Domain\SingleApi.Domain.csproj", "{7CA87E07-6E03-48C7-A559-4F483409DB04}"
EndProject
Project("{FAE04EC0-301F-11D3-BF4B-00C04F79EFBC}") = "SingleApi.Infrastructure", "SingleApi.Infrastructure\SingleApi.Infrastructure.csproj", "{5D645679-AD39-4FCF-B0D8-902A54F65365}"
EndProject
Project("{FAE04EC0-301F-11D3-BF4B-00C04F79EFBC}") = "SingleApi.Query", "SingleApi.Query\SingleApi.Query.csproj", "{619F679E-9EAD-4EB3-BDE6-D78EBC3304A0}"
EndProject
Project("{FAE04EC0-301F-11D3-BF4B-00C04F79EFBC}") = "SingleApi.Svc", "SingleApi.Svc\SingleApi.Svc.csproj", "{242ADFE4-F74A-424E-A1DA-7522C8AAFD4C}"
EndProject
Project("{FAE04EC0-301F-11D3-BF4B-00C04F79EFBC}") = "SingleApi.IntegrationTests", "SingleApi.IntegrationTests\SingleApi.IntegrationTests.csproj", "{5BE86F00-1D05-4C26-83B5-C115CF788B64}"
EndProject
Project("{FAE04EC0-301F-11D3-BF4B-00C04F79EFBC}") = "SingleApi.UnitTests", "SingleApi.UnitTests\SingleApi.UnitTests.csproj", "{8459EB88-70E3-4BA9-860F-05623D620545}"
EndProject
Global
	GlobalSection(SolutionConfigurationPlatforms) = preSolution
		Debug|Any CPU = Debug|Any CPU
		Release|Any CPU = Release|Any CPU
	EndGlobalSection
	GlobalSection(ProjectConfigurationPlatforms) = postSolution
		{D1B1B3B9-0E32-44D3-8823-CCBB1A1BDA6B}.Debug|Any CPU.ActiveCfg = Debug|Any CPU
		{D1B1B3B9-0E32-44D3-8823-CCBB1A1BDA6B}.Debug|Any CPU.Build.0 = Debug|Any CPU
		{D1B1B3B9-0E32-44D3-8823-CCBB1A1BDA6B}.Release|Any CPU.ActiveCfg = Release|Any CPU
		{D1B1B3B9-0E32-44D3-8823-CCBB1A1BDA6B}.Release|Any CPU.Build.0 = Release|Any CPU
		{96AC4E58-E06A-4E17-807A-D468875CB072}.Debug|Any CPU.ActiveCfg = Debug|Any CPU
		{96AC4E58-E06A-4E17-807A-D468875CB072}.Debug|Any CPU.Build.0 = Debug|Any CPU
		{96AC4E58-E06A-4E17-807A-D468875CB072}.Release|Any CPU.ActiveCfg = Release|Any CPU
		{96AC4E58-E06A-4E17-807A-D468875CB072}.Release|Any CPU.Build.0 = Release|Any CPU
		{C7531FB4-3D37-404A-83F3-6411467A6C58}.Debug|Any CPU.ActiveCfg = Debug|Any CPU
		{C7531FB4-3D37-404A-83F3-6411467A6C58}.Debug|Any CPU.Build.0 = Debug|Any CPU
		{C7531FB4-3D37-404A-83F3-6411467A6C58}.Release|Any CPU.ActiveCfg = Release|Any CPU
		{C7531FB4-3D37-404A-83F3-6411467A6C58}.Release|Any CPU.Build.0 = Release|Any CPU
		{956C9D9B-18A3-4349-8A2C-2CAE1A1BF98A}.Debug|Any CPU.ActiveCfg = Debug|Any CPU
		{956C9D9B-18A3-4349-8A2C-2CAE1A1BF98A}.Debug|Any CPU.Build.0 = Debug|Any CPU
		{956C9D9B-18A3-4349-8A2C-2CAE1A1BF98A}.Release|Any CPU.ActiveCfg = Release|Any CPU
		{956C9D9B-18A3-4349-8A2C-2CAE1A1BF98A}.Release|Any CPU.Build.0 = Release|Any CPU
		{4642FE93-CA37-4A85-A4E0-4F636EA4DC18}.Debug|Any CPU.ActiveCfg = Debug|Any CPU
		{4642FE93-CA37-4A85-A4E0-4F636EA4DC18}.Debug|Any CPU.Build.0 = Debug|Any CPU
		{4642FE93-CA37-4A85-A4E0-4F636EA4DC18}.Release|Any CPU.ActiveCfg = Release|Any CPU
		{4642FE93-CA37-4A85-A4E0-4F636EA4DC18}.Release|Any CPU.Build.0 = Release|Any CPU
		{D1159932-BC8A-4E4D-AF52-41C2DD352F47}.Debug|Any CPU.ActiveCfg = Debug|Any CPU
		{D1159932-BC8A-4E4D-AF52-41C2DD352F47}.Debug|Any CPU.Build.0 = Debug|Any CPU
		{D1159932-BC8A-4E4D-AF52-41C2DD352F47}.Release|Any CPU.ActiveCfg = Release|Any CPU
		{D1159932-BC8A-4E4D-AF52-41C2DD352F47}.Release|Any CPU.Build.0 = Release|Any CPU
		{7CA87E07-6E03-48C7-A559-4F483409DB04}.Debug|Any CPU.ActiveCfg = Debug|Any CPU
		{7CA87E07-6E03-48C7-A559-4F483409DB04}.Debug|Any CPU.Build.0 = Debug|Any CPU
		{7CA87E07-6E03-48C7-A559-4F483409DB04}.Release|Any CPU.ActiveCfg = Release|Any CPU
		{7CA87E07-6E03-48C7-A559-4F483409DB04}.Release|Any CPU.Build.0 = Release|Any CPU
		{5D645679-AD39-4FCF-B0D8-902A54F65365}.Debug|Any CPU.ActiveCfg = Debug|Any CPU
		{5D645679-AD39-4FCF-B0D8-902A54F65365}.Debug|Any CPU.Build.0 = Debug|Any CPU
		{5D645679-AD39-4FCF-B0D8-902A54F65365}.Release|Any CPU.ActiveCfg = Release|Any CPU
		{5D645679-AD39-4FCF-B0D8-902A54F65365}.Release|Any CPU.Build.0 = Release|Any CPU
		{619F679E-9EAD-4EB3-BDE6-D78EBC3304A0}.Debug|Any CPU.ActiveCfg = Debug|Any CPU
		{619F679E-9EAD-4EB3-BDE6-D78EBC3304A0}.Debug|Any CPU.Build.0 = Debug|Any CPU
		{619F679E-9EAD-4EB3-BDE6-D78EBC3304A0}.Release|Any CPU.ActiveCfg = Release|Any CPU
		{619F679E-9EAD-4EB3-BDE6-D78EBC3304A0}.Release|Any CPU.Build.0 = Release|Any CPU
		{242ADFE4-F74A-424E-A1DA-7522C8AAFD4C}.Debug|Any CPU.ActiveCfg = Debug|Any CPU
		{242ADFE4-F74A-424E-A1DA-7522C8AAFD4C}.Debug|Any CPU.Build.0 = Debug|Any CPU
		{242ADFE4-F74A-424E-A1DA-7522C8AAFD4C}.Release|Any CPU.ActiveCfg = Release|Any CPU
		{242ADFE4-F74A-424E-A1DA-7522C8AAFD4C}.Release|Any CPU.Build.0 = Release|Any CPU
		{5BE86F00-1D05-4C26-83B5-C115CF788B64}.Debug|Any CPU.ActiveCfg = Debug|Any CPU
		{5BE86F00-1D05-4C26-83B5-C115CF788B64}.Debug|Any CPU.Build.0 = Debug|Any CPU
		{5BE86F00-1D05-4C26-83B5-C115CF788B64}.Release|Any CPU.ActiveCfg = Release|Any CPU
		{5BE86F00-1D05-4C26-83B5-C115CF788B64}.Release|Any CPU.Build.0 = Release|Any CPU
		{8459EB88-70E3-4BA9-860F-05623D620545}.Debug|Any CPU.ActiveCfg = Debug|Any CPU
		{8459EB88-70E3-4BA9-860F-05623D620545}.Debug|Any CPU.Build.0 = Debug|Any CPU
		{8459EB88-70E3-4BA9-860F-05623D620545}.Release|Any CPU.ActiveCfg = Release|Any CPU
		{8459EB88-70E3-4BA9-860F-05623D620545}.Release|Any CPU.Build.0 = Release|Any CPU
	EndGlobalSection
	GlobalSection(SolutionProperties) = preSolution
		HideSolutionNode = FALSE
	EndGlobalSection
	GlobalSection(NestedProjects) = preSolution
		{D1B1B3B9-0E32-44D3-8823-CCBB1A1BDA6B} = {DB2E4566-01CE-4254-AB68-A983BE426B6D}
		{96AC4E58-E06A-4E17-807A-D468875CB072} = {7661C1E1-362E-412B-9AF1-618D5514E98D}
		{C7531FB4-3D37-404A-83F3-6411467A6C58} = {7661C1E1-362E-412B-9AF1-618D5514E98D}
		{956C9D9B-18A3-4349-8A2C-2CAE1A1BF98A} = {7661C1E1-362E-412B-9AF1-618D5514E98D}
		{4642FE93-CA37-4A85-A4E0-4F636EA4DC18} = {7661C1E1-362E-412B-9AF1-618D5514E98D}
		{D1159932-BC8A-4E4D-AF52-41C2DD352F47} = {DC962612-D8F0-48B2-88EA-7333C12FEECD}
		{7CA87E07-6E03-48C7-A559-4F483409DB04} = {CCC5032B-9AB9-4371-B9B1-15D3C0553B24}
		{5D645679-AD39-4FCF-B0D8-902A54F65365} = {79B532FF-32D6-44E4-A7B7-701C65422EED}
		{619F679E-9EAD-4EB3-BDE6-D78EBC3304A0} = {631C5265-44EF-410F-A761-984696671EBE}
		{242ADFE4-F74A-424E-A1DA-7522C8AAFD4C} = {631C5265-44EF-410F-A761-984696671EBE}
		{5BE86F00-1D05-4C26-83B5-C115CF788B64} = {D3B4FE95-6C35-489A-A044-CEDDEB04C19C}
		{8459EB88-70E3-4BA9-860F-05623D620545} = {D3B4FE95-6C35-489A-A044-CEDDEB04C19C}
	EndGlobalSection
	GlobalSection(ExtensibilityGlobals) = postSolution
		SolutionGuid = {27248ED4-7F99-4EB8-8B0D-98D0A58D4A86}
	EndGlobalSection
EndGlobal
